
Microsoft Visual Studio Solution File, Format Version 12.00
# Visual Studio Version 17
VisualStudioVersion = 17.7.34024.191
MinimumVisualStudioVersion = 10.0.40219.1
Project("{FAE04EC0-301F-11D3-BF4B-00C04F79EFBC}") = "RetroOrganizzer", "RetroOrganizzer\RetroOrganizzer.csproj", "{C9B385E2-E520-49B9-A3C0-D0E27799E52C}"
EndProject
Global
	GlobalSection(SolutionConfigurationPlatforms) = preSolution
		Debug|Any CPU = Debug|Any CPU
		Release|Any CPU = Release|Any CPU
	EndGlobalSection
	GlobalSection(ProjectConfigurationPlatforms) = postSolution
		{C9B385E2-E520-49B9-A3C0-D0E27799E52C}.Debug|Any CPU.ActiveCfg = Debug|Any CPU
		{C9B385E2-E520-49B9-A3C0-D0E27799E52C}.Debug|Any CPU.Build.0 = Debug|Any CPU
		{C9B385E2-E520-49B9-A3C0-D0E27799E52C}.Debug|Any CPU.Deploy.0 = Debug|Any CPU
		{C9B385E2-E520-49B9-A3C0-D0E27799E52C}.Release|Any CPU.ActiveCfg = Release|Any CPU
		{C9B385E2-E520-49B9-A3C0-D0E27799E52C}.Release|Any CPU.Build.0 = Release|Any CPU
		{C9B385E2-E520-49B9-A3C0-D0E27799E52C}.Release|Any CPU.Deploy.0 = Release|Any CPU
	EndGlobalSection
	GlobalSection(SolutionProperties) = preSolution
		HideSolutionNode = FALSE
	EndGlobalSection
	GlobalSection(ExtensibilityGlobals) = postSolution
		SolutionGuid = {7B4ECCDC-9D60-4642-8ABC-7A1685863ACC}
	EndGlobalSection
EndGlobal
